{
  "name": "@zerobias-org/vendor-epicgames",
  "version": "1.0.0",
  "lockfileVersion": 2,
  "requires": true,
  "packages": {
    "": {
      "name": "@zerobias-org/vendor-epicgames",
      "version": "1.0.0",
      "license": "ISC",
      "dependencies": {
        "reset": "^0.1.0"
      }
    },
    "node_modules/reset": {
      "version": "0.1.0",
      "resolved": "https://registry.npmjs.org/reset/-/reset-0.1.0.tgz",
      "integrity": "sha512-RF7bp2P2ODreUPA71FZ4DSK52gNLJJ8dSwA1nhOCoC0mI4KZ4D/W6zhd2nfBqX/JlR+QZ/iUqAYPjq1UQU8l0Q==",
      "engines": {
        "node": ">= 0.8.0"
      }
    }
  },
  "dependencies": {
    "reset": {
      "version": "0.1.0",
      "resolved": "https://registry.npmjs.org/reset/-/reset-0.1.0.tgz",
      "integrity": "sha512-RF7bp2P2ODreUPA71FZ4DSK52gNLJJ8dSwA1nhOCoC0mI4KZ4D/W6zhd2nfBqX/JlR+QZ/iUqAYPjq1UQU8l0Q=="
    }
  }
}
